// !$*UTF8*$!
{
	archiveVersion = 1;
	classes = {
	};
	objectVersion = 55;
	objects = {

/* Begin PBXBuildFile section */
		2F072907283C00080098C5AF /* LoaderExample.swift in Sources */ = {isa = PBXBuildFile; fileRef = 2F072906283C00080098C5AF /* LoaderExample.swift */; };
		2F1C606E28AFE76B0038E7B1 /* AdjustableHStackExample.swift in Sources */ = {isa = PBXBuildFile; fileRef = 2F1C606D28AFE76B0038E7B1 /* AdjustableHStackExample.swift */; };
		2F1F7D7128317E0700AA30DB /* CollectionCardExample.swift in Sources */ = {isa = PBXBuildFile; fileRef = 2F1F7D7028317E0700AA30DB /* CollectionCardExample.swift */; };
		2F1F7D7328318D9900AA30DB /* TextExample.swift in Sources */ = {isa = PBXBuildFile; fileRef = 2F1F7D7228318D9900AA30DB /* TextExample.swift */; };
		2F1F7D7528318EEE00AA30DB /* ButtonExample.swift in Sources */ = {isa = PBXBuildFile; fileRef = 2F1F7D7428318EEE00AA30DB /* ButtonExample.swift */; };
		2F27BC9D284814B600B5AC8D /* TabExample.swift in Sources */ = {isa = PBXBuildFile; fileRef = 2F27BC9C284814B600B5AC8D /* TabExample.swift */; };
		2F569939285FB93500F2D4D3 /* ModalExample.swift in Sources */ = {isa = PBXBuildFile; fileRef = 2F569938285FB93500F2D4D3 /* ModalExample.swift */; };
		2F5EFD3C284D23E3005D130A /* HorizontalGridExample.swift in Sources */ = {isa = PBXBuildFile; fileRef = 2F5EFD3B284D23E2005D130A /* HorizontalGridExample.swift */; };
		2F6267AE2857B6960063A630 /* AccordionExample.swift in Sources */ = {isa = PBXBuildFile; fileRef = 2F6267AD2857B6960063A630 /* AccordionExample.swift */; };
		2F77A234283C4AC700F143FB /* ImageExample.swift in Sources */ = {isa = PBXBuildFile; fileRef = 2F77A233283C4AC700F143FB /* ImageExample.swift */; };
		2F7EC3C72867656200D5DDC6 /* ImageViewerExample.swift in Sources */ = {isa = PBXBuildFile; fileRef = 2F7EC3C62867656200D5DDC6 /* ImageViewerExample.swift */; };
		2F9321B3282EE49E003DA929 /* AppDelegate.swift in Sources */ = {isa = PBXBuildFile; fileRef = 2F9321B2282EE49E003DA929 /* AppDelegate.swift */; };
		2F9321B5282EE49E003DA929 /* SceneDelegate.swift in Sources */ = {isa = PBXBuildFile; fileRef = 2F9321B4282EE49E003DA929 /* SceneDelegate.swift */; };
		2F9321B7282EE49E003DA929 /* MenuView.swift in Sources */ = {isa = PBXBuildFile; fileRef = 2F9321B6282EE49E003DA929 /* MenuView.swift */; };
		2F9321BC282EE49E003DA929 /* Assets.xcassets in Resources */ = {isa = PBXBuildFile; fileRef = 2F9321BB282EE49E003DA929 /* Assets.xcassets */; };
		2F9321BF282EE49E003DA929 /* LaunchScreen.storyboard in Resources */ = {isa = PBXBuildFile; fileRef = 2F9321BD282EE49E003DA929 /* LaunchScreen.storyboard */; };
		2FA986792837351B000DB409 /* GridExample.swift in Sources */ = {isa = PBXBuildFile; fileRef = 2FA986782837351B000DB409 /* GridExample.swift */; };
		2FA9867B28373DD3000DB409 /* SnackbarExample.swift in Sources */ = {isa = PBXBuildFile; fileRef = 2FA9867A28373DD3000DB409 /* SnackbarExample.swift */; };
		2FC004092831AC250037EF10 /* StoryExample.swift in Sources */ = {isa = PBXBuildFile; fileRef = 2FC004082831AC250037EF10 /* StoryExample.swift */; };
		2FD5447A28720B810098468D /* TextFieldExample.swift in Sources */ = {isa = PBXBuildFile; fileRef = 2FD5447928720B810098468D /* TextFieldExample.swift */; };
		2FEB27C42839C6B20092B7D3 /* Purace in Resources */ = {isa = PBXBuildFile; fileRef = 2FEB27C32839C6B20092B7D3 /* Purace */; };
		2FEB27C62839C6BB0092B7D3 /* Purace in Frameworks */ = {isa = PBXBuildFile; productRef = 2FEB27C52839C6BB0092B7D3 /* Purace */; };
/* End PBXBuildFile section */

/* Begin PBXFileReference section */
		2F072906283C00080098C5AF /* LoaderExample.swift */ = {isa = PBXFileReference; lastKnownFileType = sourcecode.swift; path = LoaderExample.swift; sourceTree = "<group>"; };
		2F1C606D28AFE76B0038E7B1 /* AdjustableHStackExample.swift */ = {isa = PBXFileReference; lastKnownFileType = sourcecode.swift; path = AdjustableHStackExample.swift; sourceTree = "<group>"; };
		2F1F7D7028317E0700AA30DB /* CollectionCardExample.swift */ = {isa = PBXFileReference; lastKnownFileType = sourcecode.swift; path = CollectionCardExample.swift; sourceTree = "<group>"; };
		2F1F7D7228318D9900AA30DB /* TextExample.swift */ = {isa = PBXFileReference; lastKnownFileType = sourcecode.swift; path = TextExample.swift; sourceTree = "<group>"; };
		2F1F7D7428318EEE00AA30DB /* ButtonExample.swift */ = {isa = PBXFileReference; lastKnownFileType = sourcecode.swift; path = ButtonExample.swift; sourceTree = "<group>"; };
		2F27BC9C284814B600B5AC8D /* TabExample.swift */ = {isa = PBXFileReference; lastKnownFileType = sourcecode.swift; path = TabExample.swift; sourceTree = "<group>"; };
		2F569938285FB93500F2D4D3 /* ModalExample.swift */ = {isa = PBXFileReference; lastKnownFileType = sourcecode.swift; path = ModalExample.swift; sourceTree = "<group>"; };
		2F5EFD3B284D23E2005D130A /* HorizontalGridExample.swift */ = {isa = PBXFileReference; lastKnownFileType = sourcecode.swift; path = HorizontalGridExample.swift; sourceTree = "<group>"; };
		2F6267AD2857B6960063A630 /* AccordionExample.swift */ = {isa = PBXFileReference; lastKnownFileType = sourcecode.swift; path = AccordionExample.swift; sourceTree = "<group>"; };
		2F77A233283C4AC700F143FB /* ImageExample.swift */ = {isa = PBXFileReference; lastKnownFileType = sourcecode.swift; path = ImageExample.swift; sourceTree = "<group>"; };
		2F7EC3C62867656200D5DDC6 /* ImageViewerExample.swift */ = {isa = PBXFileReference; lastKnownFileType = sourcecode.swift; path = ImageViewerExample.swift; sourceTree = "<group>"; };
		2F9321AF282EE49E003DA929 /* PuraceDemo.app */ = {isa = PBXFileReference; explicitFileType = wrapper.application; includeInIndex = 0; path = PuraceDemo.app; sourceTree = BUILT_PRODUCTS_DIR; };
		2F9321B2282EE49E003DA929 /* AppDelegate.swift */ = {isa = PBXFileReference; lastKnownFileType = sourcecode.swift; path = AppDelegate.swift; sourceTree = "<group>"; };
		2F9321B4282EE49E003DA929 /* SceneDelegate.swift */ = {isa = PBXFileReference; lastKnownFileType = sourcecode.swift; path = SceneDelegate.swift; sourceTree = "<group>"; };
		2F9321B6282EE49E003DA929 /* MenuView.swift */ = {isa = PBXFileReference; lastKnownFileType = sourcecode.swift; path = MenuView.swift; sourceTree = "<group>"; };
		2F9321BB282EE49E003DA929 /* Assets.xcassets */ = {isa = PBXFileReference; lastKnownFileType = folder.assetcatalog; path = Assets.xcassets; sourceTree = "<group>"; };
		2F9321BE282EE49E003DA929 /* Base */ = {isa = PBXFileReference; lastKnownFileType = file.storyboard; name = Base; path = Base.lproj/LaunchScreen.storyboard; sourceTree = "<group>"; };
		2F9321C0282EE49E003DA929 /* Info.plist */ = {isa = PBXFileReference; lastKnownFileType = text.plist.xml; path = Info.plist; sourceTree = "<group>"; };
		2FA986782837351B000DB409 /* GridExample.swift */ = {isa = PBXFileReference; lastKnownFileType = sourcecode.swift; path = GridExample.swift; sourceTree = "<group>"; };
		2FA9867A28373DD3000DB409 /* SnackbarExample.swift */ = {isa = PBXFileReference; lastKnownFileType = sourcecode.swift; path = SnackbarExample.swift; sourceTree = "<group>"; };
		2FC004082831AC250037EF10 /* StoryExample.swift */ = {isa = PBXFileReference; lastKnownFileType = sourcecode.swift; path = StoryExample.swift; sourceTree = "<group>"; };
		2FD5447928720B810098468D /* TextFieldExample.swift */ = {isa = PBXFileReference; lastKnownFileType = sourcecode.swift; path = TextFieldExample.swift; sourceTree = "<group>"; };
		2FEB27C32839C6B20092B7D3 /* Purace */ = {isa = PBXFileReference; lastKnownFileType = wrapper; name = Purace; path = ..; sourceTree = "<group>"; };
/* End PBXFileReference section */

/* Begin PBXFrameworksBuildPhase section */
		2F9321AC282EE49E003DA929 /* Frameworks */ = {
			isa = PBXFrameworksBuildPhase;
			buildActionMask = 2147483647;
			files = (
				2FEB27C62839C6BB0092B7D3 /* Purace in Frameworks */,
			);
			runOnlyForDeploymentPostprocessing = 0;
		};
/* End PBXFrameworksBuildPhase section */

/* Begin PBXGroup section */
		2F1F7D6F28317DE200AA30DB /* Examples */ = {
			isa = PBXGroup;
			children = (
				2F27BC9B284814A700B5AC8D /* Complex */,
				2F27BC9A2848149900B5AC8D /* Basic */,
			);
			path = Examples;
			sourceTree = "<group>";
		};
		2F27BC9A2848149900B5AC8D /* Basic */ = {
			isa = PBXGroup;
			children = (
				2FA9867A28373DD3000DB409 /* SnackbarExample.swift */,
				2F1F7D7228318D9900AA30DB /* TextExample.swift */,
				2F1F7D7428318EEE00AA30DB /* ButtonExample.swift */,
				2F072906283C00080098C5AF /* LoaderExample.swift */,
				2F77A233283C4AC700F143FB /* ImageExample.swift */,
				2F6267AD2857B6960063A630 /* AccordionExample.swift */,
				2F569938285FB93500F2D4D3 /* ModalExample.swift */,
				2FD5447928720B810098468D /* TextFieldExample.swift */,
			);
			path = Basic;
			sourceTree = "<group>";
		};
		2F27BC9B284814A700B5AC8D /* Complex */ = {
			isa = PBXGroup;
			children = (
				2F1F7D7028317E0700AA30DB /* CollectionCardExample.swift */,
				2FC004082831AC250037EF10 /* StoryExample.swift */,
				2FA986782837351B000DB409 /* GridExample.swift */,
				2F27BC9C284814B600B5AC8D /* TabExample.swift */,
				2F5EFD3B284D23E2005D130A /* HorizontalGridExample.swift */,
				2F7EC3C62867656200D5DDC6 /* ImageViewerExample.swift */,
				2F1C606D28AFE76B0038E7B1 /* AdjustableHStackExample.swift */,
			);
			path = Complex;
			sourceTree = "<group>";
		};
		2F9321A6282EE49E003DA929 = {
			isa = PBXGroup;
			children = (
				2FEB27C32839C6B20092B7D3 /* Purace */,
				2F9321B1282EE49E003DA929 /* PuraceDemo */,
				2F9321B0282EE49E003DA929 /* Products */,
				2F9321C8282EE4F2003DA929 /* Frameworks */,
			);
			sourceTree = "<group>";
		};
		2F9321B0282EE49E003DA929 /* Products */ = {
			isa = PBXGroup;
			children = (
				2F9321AF282EE49E003DA929 /* PuraceDemo.app */,
			);
			name = Products;
			sourceTree = "<group>";
		};
		2F9321B1282EE49E003DA929 /* PuraceDemo */ = {
			isa = PBXGroup;
			children = (
				2F1F7D6F28317DE200AA30DB /* Examples */,
				2F9321B2282EE49E003DA929 /* AppDelegate.swift */,
				2F9321B4282EE49E003DA929 /* SceneDelegate.swift */,
				2F9321B6282EE49E003DA929 /* MenuView.swift */,
				2F9321BB282EE49E003DA929 /* Assets.xcassets */,
				2F9321BD282EE49E003DA929 /* LaunchScreen.storyboard */,
				2F9321C0282EE49E003DA929 /* Info.plist */,
			);
			path = PuraceDemo;
			sourceTree = "<group>";
		};
		2F9321C8282EE4F2003DA929 /* Frameworks */ = {
			isa = PBXGroup;
			children = (
			);
			name = Frameworks;
			sourceTree = "<group>";
		};
/* End PBXGroup section */

/* Begin PBXNativeTarget section */
		2F9321AE282EE49E003DA929 /* PuraceDemo */ = {
			isa = PBXNativeTarget;
			buildConfigurationList = 2F9321C3282EE49E003DA929 /* Build configuration list for PBXNativeTarget "PuraceDemo" */;
			buildPhases = (
				2F9321AB282EE49E003DA929 /* Sources */,
				2F9321AC282EE49E003DA929 /* Frameworks */,
				2F9321AD282EE49E003DA929 /* Resources */,
			);
			buildRules = (
			);
			dependencies = (
			);
			name = PuraceDemo;
			packageProductDependencies = (
				2FEB27C52839C6BB0092B7D3 /* Purace */,
			);
			productName = PYLayoutDemo;
			productReference = 2F9321AF282EE49E003DA929 /* PuraceDemo.app */;
			productType = "com.apple.product-type.application";
		};
/* End PBXNativeTarget section */

/* Begin PBXProject section */
		2F9321A7282EE49E003DA929 /* Project object */ = {
			isa = PBXProject;
			attributes = {
				BuildIndependentTargetsInParallel = 1;
				LastSwiftUpdateCheck = 1320;
				LastUpgradeCheck = 1320;
				TargetAttributes = {
					2F9321AE282EE49E003DA929 = {
						CreatedOnToolsVersion = 13.2.1;
					};
				};
			};
			buildConfigurationList = 2F9321AA282EE49E003DA929 /* Build configuration list for PBXProject "PuraceDemo" */;
			compatibilityVersion = "Xcode 13.0";
			developmentRegion = en;
			hasScannedForEncodings = 0;
			knownRegions = (
				en,
				Base,
			);
			mainGroup = 2F9321A6282EE49E003DA929;
			packageReferences = (
			);
			productRefGroup = 2F9321B0282EE49E003DA929 /* Products */;
			projectDirPath = "";
			projectRoot = "";
			targets = (
				2F9321AE282EE49E003DA929 /* PuraceDemo */,
			);
		};
/* End PBXProject section */

/* Begin PBXResourcesBuildPhase section */
		2F9321AD282EE49E003DA929 /* Resources */ = {
			isa = PBXResourcesBuildPhase;
			buildActionMask = 2147483647;
			files = (
				2F9321BF282EE49E003DA929 /* LaunchScreen.storyboard in Resources */,
				2F9321BC282EE49E003DA929 /* Assets.xcassets in Resources */,
				2FEB27C42839C6B20092B7D3 /* Purace in Resources */,
			);
			runOnlyForDeploymentPostprocessing = 0;
		};
/* End PBXResourcesBuildPhase section */

/* Begin PBXSourcesBuildPhase section */
		2F9321AB282EE49E003DA929 /* Sources */ = {
			isa = PBXSourcesBuildPhase;
			buildActionMask = 2147483647;
			files = (
				2FC004092831AC250037EF10 /* StoryExample.swift in Sources */,
				2F1F7D7128317E0700AA30DB /* CollectionCardExample.swift in Sources */,
				2F1F7D7328318D9900AA30DB /* TextExample.swift in Sources */,
				2F9321B7282EE49E003DA929 /* MenuView.swift in Sources */,
				2F7EC3C72867656200D5DDC6 /* ImageViewerExample.swift in Sources */,
				2F9321B3282EE49E003DA929 /* AppDelegate.swift in Sources */,
				2F6267AE2857B6960063A630 /* AccordionExample.swift in Sources */,
				2F569939285FB93500F2D4D3 /* ModalExample.swift in Sources */,
				2F77A234283C4AC700F143FB /* ImageExample.swift in Sources */,
				2F5EFD3C284D23E3005D130A /* HorizontalGridExample.swift in Sources */,
				2FA9867B28373DD3000DB409 /* SnackbarExample.swift in Sources */,
				2F1C606E28AFE76B0038E7B1 /* AdjustableHStackExample.swift in Sources */,
				2F1F7D7528318EEE00AA30DB /* ButtonExample.swift in Sources */,
				2FA986792837351B000DB409 /* GridExample.swift in Sources */,
				2FD5447A28720B810098468D /* TextFieldExample.swift in Sources */,
				2F9321B5282EE49E003DA929 /* SceneDelegate.swift in Sources */,
				2F27BC9D284814B600B5AC8D /* TabExample.swift in Sources */,
				2F072907283C00080098C5AF /* LoaderExample.swift in Sources */,
			);
			runOnlyForDeploymentPostprocessing = 0;
		};
/* End PBXSourcesBuildPhase section */

/* Begin PBXVariantGroup section */
		2F9321BD282EE49E003DA929 /* LaunchScreen.storyboard */ = {
			isa = PBXVariantGroup;
			children = (
				2F9321BE282EE49E003DA929 /* Base */,
			);
			name = LaunchScreen.storyboard;
			sourceTree = "<group>";
		};
/* End PBXVariantGroup section */

/* Begin XCBuildConfiguration section */
		2F9321C1282EE49E003DA929 /* Debug */ = {
			isa = XCBuildConfiguration;
			buildSettings = {
				ALWAYS_SEARCH_USER_PATHS = NO;
				CLANG_ANALYZER_NONNULL = YES;
				CLANG_ANALYZER_NUMBER_OBJECT_CONVERSION = YES_AGGRESSIVE;
				CLANG_CXX_LANGUAGE_STANDARD = "gnu++17";
				CLANG_CXX_LIBRARY = "libc++";
				CLANG_ENABLE_MODULES = YES;
				CLANG_ENABLE_OBJC_ARC = YES;
				CLANG_ENABLE_OBJC_WEAK = YES;
				CLANG_WARN_BLOCK_CAPTURE_AUTORELEASING = YES;
				CLANG_WARN_BOOL_CONVERSION = YES;
				CLANG_WARN_COMMA = YES;
				CLANG_WARN_CONSTANT_CONVERSION = YES;
				CLANG_WARN_DEPRECATED_OBJC_IMPLEMENTATIONS = YES;
				CLANG_WARN_DIRECT_OBJC_ISA_USAGE = YES_ERROR;
				CLANG_WARN_DOCUMENTATION_COMMENTS = YES;
				CLANG_WARN_EMPTY_BODY = YES;
				CLANG_WARN_ENUM_CONVERSION = YES;
				CLANG_WARN_INFINITE_RECURSION = YES;
				CLANG_WARN_INT_CONVERSION = YES;
				CLANG_WARN_NON_LITERAL_NULL_CONVERSION = YES;
				CLANG_WARN_OBJC_IMPLICIT_RETAIN_SELF = YES;
				CLANG_WARN_OBJC_LITERAL_CONVERSION = YES;
				CLANG_WARN_OBJC_ROOT_CLASS = YES_ERROR;
				CLANG_WARN_QUOTED_INCLUDE_IN_FRAMEWORK_HEADER = YES;
				CLANG_WARN_RANGE_LOOP_ANALYSIS = YES;
				CLANG_WARN_STRICT_PROTOTYPES = YES;
				CLANG_WARN_SUSPICIOUS_MOVE = YES;
				CLANG_WARN_UNGUARDED_AVAILABILITY = YES_AGGRESSIVE;
				CLANG_WARN_UNREACHABLE_CODE = YES;
				CLANG_WARN__DUPLICATE_METHOD_MATCH = YES;
				COPY_PHASE_STRIP = NO;
				DEBUG_INFORMATION_FORMAT = dwarf;
				ENABLE_STRICT_OBJC_MSGSEND = YES;
				ENABLE_TESTABILITY = YES;
				GCC_C_LANGUAGE_STANDARD = gnu11;
				GCC_DYNAMIC_NO_PIC = NO;
				GCC_NO_COMMON_BLOCKS = YES;
				GCC_OPTIMIZATION_LEVEL = 0;
				GCC_PREPROCESSOR_DEFINITIONS = (
					"DEBUG=1",
					"$(inherited)",
				);
				GCC_WARN_64_TO_32_BIT_CONVERSION = YES;
				GCC_WARN_ABOUT_RETURN_TYPE = YES_ERROR;
				GCC_WARN_UNDECLARED_SELECTOR = YES;
				GCC_WARN_UNINITIALIZED_AUTOS = YES_AGGRESSIVE;
				GCC_WARN_UNUSED_FUNCTION = YES;
				GCC_WARN_UNUSED_VARIABLE = YES;
				IPHONEOS_DEPLOYMENT_TARGET = 15.2;
				MTL_ENABLE_DEBUG_INFO = INCLUDE_SOURCE;
				MTL_FAST_MATH = YES;
				ONLY_ACTIVE_ARCH = YES;
				SDKROOT = iphoneos;
				SWIFT_ACTIVE_COMPILATION_CONDITIONS = DEBUG;
				SWIFT_OPTIMIZATION_LEVEL = "-Onone";
			};
			name = Debug;
		};
		2F9321C2282EE49E003DA929 /* Release */ = {
			isa = XCBuildConfiguration;
			buildSettings = {
				ALWAYS_SEARCH_USER_PATHS = NO;
				CLANG_ANALYZER_NONNULL = YES;
				CLANG_ANALYZER_NUMBER_OBJECT_CONVERSION = YES_AGGRESSIVE;
				CLANG_CXX_LANGUAGE_STANDARD = "gnu++17";
				CLANG_CXX_LIBRARY = "libc++";
				CLANG_ENABLE_MODULES = YES;
				CLANG_ENABLE_OBJC_ARC = YES;
				CLANG_ENABLE_OBJC_WEAK = YES;
				CLANG_WARN_BLOCK_CAPTURE_AUTORELEASING = YES;
				CLANG_WARN_BOOL_CONVERSION = YES;
				CLANG_WARN_COMMA = YES;
				CLANG_WARN_CONSTANT_CONVERSION = YES;
				CLANG_WARN_DEPRECATED_OBJC_IMPLEMENTATIONS = YES;
				CLANG_WARN_DIRECT_OBJC_ISA_USAGE = YES_ERROR;
				CLANG_WARN_DOCUMENTATION_COMMENTS = YES;
				CLANG_WARN_EMPTY_BODY = YES;
				CLANG_WARN_ENUM_CONVERSION = YES;
				CLANG_WARN_INFINITE_RECURSION = YES;
				CLANG_WARN_INT_CONVERSION = YES;
				CLANG_WARN_NON_LITERAL_NULL_CONVERSION = YES;
				CLANG_WARN_OBJC_IMPLICIT_RETAIN_SELF = YES;
				CLANG_WARN_OBJC_LITERAL_CONVERSION = YES;
				CLANG_WARN_OBJC_ROOT_CLASS = YES_ERROR;
				CLANG_WARN_QUOTED_INCLUDE_IN_FRAMEWORK_HEADER = YES;
				CLANG_WARN_RANGE_LOOP_ANALYSIS = YES;
				CLANG_WARN_STRICT_PROTOTYPES = YES;
				CLANG_WARN_SUSPICIOUS_MOVE = YES;
				CLANG_WARN_UNGUARDED_AVAILABILITY = YES_AGGRESSIVE;
				CLANG_WARN_UNREACHABLE_CODE = YES;
				CLANG_WARN__DUPLICATE_METHOD_MATCH = YES;
				COPY_PHASE_STRIP = NO;
				DEBUG_INFORMATION_FORMAT = "dwarf-with-dsym";
				ENABLE_NS_ASSERTIONS = NO;
				ENABLE_STRICT_OBJC_MSGSEND = YES;
				GCC_C_LANGUAGE_STANDARD = gnu11;
				GCC_NO_COMMON_BLOCKS = YES;
				GCC_WARN_64_TO_32_BIT_CONVERSION = YES;
				GCC_WARN_ABOUT_RETURN_TYPE = YES_ERROR;
				GCC_WARN_UNDECLARED_SELECTOR = YES;
				GCC_WARN_UNINITIALIZED_AUTOS = YES_AGGRESSIVE;
				GCC_WARN_UNUSED_FUNCTION = YES;
				GCC_WARN_UNUSED_VARIABLE = YES;
				IPHONEOS_DEPLOYMENT_TARGET = 15.2;
				MTL_ENABLE_DEBUG_INFO = NO;
				MTL_FAST_MATH = YES;
				SDKROOT = iphoneos;
				SWIFT_COMPILATION_MODE = wholemodule;
				SWIFT_OPTIMIZATION_LEVEL = "-O";
				VALIDATE_PRODUCT = YES;
			};
			name = Release;
		};
		2F9321C4282EE49E003DA929 /* Debug */ = {
			isa = XCBuildConfiguration;
			buildSettings = {
				ASSETCATALOG_COMPILER_APPICON_NAME = AppIcon;
				ASSETCATALOG_COMPILER_GLOBAL_ACCENT_COLOR_NAME = AccentColor;
				CODE_SIGN_STYLE = Automatic;
				CURRENT_PROJECT_VERSION = 1;
				DEVELOPMENT_TEAM = 9TP4HMDZ7W;
				GENERATE_INFOPLIST_FILE = YES;
				INFOPLIST_FILE = PuraceDemo/Info.plist;
				INFOPLIST_KEY_CFBundleDisplayName = Purace;
				INFOPLIST_KEY_UIApplicationSupportsIndirectInputEvents = YES;
				INFOPLIST_KEY_UILaunchStoryboardName = LaunchScreen;
				INFOPLIST_KEY_UISupportedInterfaceOrientations_iPad = "UIInterfaceOrientationPortrait UIInterfaceOrientationPortraitUpsideDown UIInterfaceOrientationLandscapeLeft UIInterfaceOrientationLandscapeRight";
				INFOPLIST_KEY_UISupportedInterfaceOrientations_iPhone = "UIInterfaceOrientationPortrait UIInterfaceOrientationLandscapeLeft UIInterfaceOrientationLandscapeRight";
				IPHONEOS_DEPLOYMENT_TARGET = 14.1;
				LD_RUNPATH_SEARCH_PATHS = (
					"$(inherited)",
					"@executable_path/Frameworks",
				);
				MARKETING_VERSION = 1.0;
				PRODUCT_BUNDLE_IDENTIFIER = juandahurt.PuraceDemo;
				PRODUCT_NAME = "$(TARGET_NAME)";
				SWIFT_EMIT_LOC_STRINGS = YES;
				SWIFT_VERSION = 5.0;
				TARGETED_DEVICE_FAMILY = 1;
			};
			name = Debug;
		};
		2F9321C5282EE49E003DA929 /* Release */ = {
			isa = XCBuildConfiguration;
			buildSettings = {
				ASSETCATALOG_COMPILER_APPICON_NAME = AppIcon;
				ASSETCATALOG_COMPILER_GLOBAL_ACCENT_COLOR_NAME = AccentColor;
				CODE_SIGN_STYLE = Automatic;
				CURRENT_PROJECT_VERSION = 1;
				DEVELOPMENT_TEAM = 9TP4HMDZ7W;
				GENERATE_INFOPLIST_FILE = YES;
				INFOPLIST_FILE = PuraceDemo/Info.plist;
				INFOPLIST_KEY_CFBundleDisplayName = Purace;
				INFOPLIST_KEY_UIApplicationSupportsIndirectInputEvents = YES;
				INFOPLIST_KEY_UILaunchStoryboardName = LaunchScreen;
				INFOPLIST_KEY_UISupportedInterfaceOrientations_iPad = "UIInterfaceOrientationPortrait UIInterfaceOrientationPortraitUpsideDown UIInterfaceOrientationLandscapeLeft UIInterfaceOrientationLandscapeRight";
				INFOPLIST_KEY_UISupportedInterfaceOrientations_iPhone = "UIInterfaceOrientationPortrait UIInterfaceOrientationLandscapeLeft UIInterfaceOrientationLandscapeRight";
				IPHONEOS_DEPLOYMENT_TARGET = 14.1;
				LD_RUNPATH_SEARCH_PATHS = (
					"$(inherited)",
					"@executable_path/Frameworks",
				);
				MARKETING_VERSION = 1.0;
				PRODUCT_BUNDLE_IDENTIFIER = juandahurt.PuraceDemo;
				PRODUCT_NAME = "$(TARGET_NAME)";
				SWIFT_EMIT_LOC_STRINGS = YES;
				SWIFT_VERSION = 5.0;
				TARGETED_DEVICE_FAMILY = 1;
			};
			name = Release;
		};
/* End XCBuildConfiguration section */

/* Begin XCConfigurationList section */
		2F9321AA282EE49E003DA929 /* Build configuration list for PBXProject "PuraceDemo" */ = {
			isa = XCConfigurationList;
			buildConfigurations = (
				2F9321C1282EE49E003DA929 /* Debug */,
				2F9321C2282EE49E003DA929 /* Release */,
			);
			defaultConfigurationIsVisible = 0;
			defaultConfigurationName = Release;
		};
		2F9321C3282EE49E003DA929 /* Build configuration list for PBXNativeTarget "PuraceDemo" */ = {
			isa = XCConfigurationList;
			buildConfigurations = (
				2F9321C4282EE49E003DA929 /* Debug */,
				2F9321C5282EE49E003DA929 /* Release */,
			);
			defaultConfigurationIsVisible = 0;
			defaultConfigurationName = Release;
		};
/* End XCConfigurationList section */

/* Begin XCSwiftPackageProductDependency section */
		2FEB27C52839C6BB0092B7D3 /* Purace */ = {
			isa = XCSwiftPackageProductDependency;
			productName = Purace;
		};
/* End XCSwiftPackageProductDependency section */
	};
	rootObject = 2F9321A7282EE49E003DA929 /* Project object */;
}
