{
  "object": {
    "pins": [
      {
        "package": "Kingfisher",
        "repositoryURL": "https://github.com/onevcat/Kingfisher.git",
        "state": {
          "branch": null,
          "revision": "59eb199fdb8dd47733624e8b0277822d0232579e",
          "version": "7.2.2"
        }
      },
      {
        "package": "PopupView",
        "repositoryURL": "https://github.com/exyte/PopupView.git",
        "state": {
          "branch": null,
          "revision": "a25e22b46d47558b1e7e049b5734522c6706600c",
          "version": "1.1.5"
        }
      },
      {
        "package": "ViewExtractor",
        "repositoryURL": "https://github.com/GeorgeElsham/ViewExtractor",
        "state": {
          "branch": null,
          "revision": "09cc1e7bf7d1860b92b151bb0bf06ec25a9e9162",
          "version": "1.1.0"
        }
      }
    ]
  },
  "version": 1
}
